
Microsoft Visual Studio Solution File, Format Version 12.00
# Visual Studio 2013
VisualStudioVersion = 12.0.21005.1
MinimumVisualStudioVersion = 10.0.40219.1
Project("{8BC9CEB8-8B4A-11D0-8D11-00A0C91BC942}") = "DigitSum", "DigitSum\DigitSum.vcxproj", "{D96644F5-533D-4EB9-AF43-DA09DBB6DFC3}"
EndProject
Global
	GlobalSection(SolutionConfigurationPlatforms) = preSolution
		Debug|Win32 = Debug|Win32
		Release|Win32 = Release|Win32
	EndGlobalSection
	GlobalSection(ProjectConfigurationPlatforms) = postSolution
		{D96644F5-533D-4EB9-AF43-DA09DBB6DFC3}.Debug|Win32.ActiveCfg = Debug|Win32
		{D96644F5-533D-4EB9-AF43-DA09DBB6DFC3}.Debug|Win32.Build.0 = Debug|Win32
		{D96644F5-533D-4EB9-AF43-DA09DBB6DFC3}.Release|Win32.ActiveCfg = Release|Win32
		{D96644F5-533D-4EB9-AF43-DA09DBB6DFC3}.Release|Win32.Build.0 = Release|Win32
	EndGlobalSection
	GlobalSection(SolutionProperties) = preSolution
		HideSolutionNode = FALSE
	EndGlobalSection
EndGlobal
